
Microsoft Visual Studio Solution File, Format Version 12.00
# Visual Studio Version 17
VisualStudioVersion = 17.3.32929.385
MinimumVisualStudioVersion = 10.0.40219.1
Project("{FAE04EC0-301F-11D3-BF4B-00C04F79EFBC}") = "Game", "Game\Game.csproj", "{43ADF869-5AC8-485E-B381-243BA51FBFDC}"
EndProject
Global
	GlobalSection(SolutionConfigurationPlatforms) = preSolution
		Debug|Any CPU = Debug|Any CPU
		Release|Any CPU = Release|Any CPU
	EndGlobalSection
	GlobalSection(ProjectConfigurationPlatforms) = postSolution
		{43ADF869-5AC8-485E-B381-243BA51FBFDC}.Debug|Any CPU.ActiveCfg = Debug|Any CPU
		{43ADF869-5AC8-485E-B381-243BA51FBFDC}.Debug|Any CPU.Build.0 = Debug|Any CPU
		{43ADF869-5AC8-485E-B381-243BA51FBFDC}.Release|Any CPU.ActiveCfg = Release|Any CPU
		{43ADF869-5AC8-485E-B381-243BA51FBFDC}.Release|Any CPU.Build.0 = Release|Any CPU
	EndGlobalSection
	GlobalSection(SolutionProperties) = preSolution
		HideSolutionNode = FALSE
	EndGlobalSection
	GlobalSection(ExtensibilityGlobals) = postSolution
		SolutionGuid = {2C5F2561-4C54-472B-9880-7853B5C150EC}
	EndGlobalSection
EndGlobal
